
Microsoft Visual Studio Solution File, Format Version 12.00
# Visual Studio Version 17
VisualStudioVersion = 17.8.34511.84
MinimumVisualStudioVersion = 10.0.40219.1
Project("{9A19103F-16F7-4668-BE54-9A1E7A4F7556}") = "EdgeRag", "EdgeRag\EdgeRag.csproj", "{235993A8-5538-4DEB-871A-5998AAEBC206}"
EndProject
Global
	GlobalSection(SolutionConfigurationPlatforms) = preSolution
		DebugCPU|Any CPU = DebugCPU|Any CPU
		DebugCPU|ARM64 = DebugCPU|ARM64
		DebugCPU|x64 = DebugCPU|x64
		DebugCUDA12|Any CPU = DebugCUDA12|Any CPU
		DebugCUDA12|ARM64 = DebugCUDA12|ARM64
		DebugCUDA12|x64 = DebugCUDA12|x64
		ReleaseCPU|Any CPU = ReleaseCPU|Any CPU
		ReleaseCPU|ARM64 = ReleaseCPU|ARM64
		ReleaseCPU|x64 = ReleaseCPU|x64
		ReleaseCUDA12|Any CPU = ReleaseCUDA12|Any CPU
		ReleaseCUDA12|ARM64 = ReleaseCUDA12|ARM64
		ReleaseCUDA12|x64 = ReleaseCUDA12|x64
	EndGlobalSection
	GlobalSection(ProjectConfigurationPlatforms) = postSolution
		{235993A8-5538-4DEB-871A-5998AAEBC206}.DebugCPU|Any CPU.ActiveCfg = DebugCPU|Any CPU
		{235993A8-5538-4DEB-871A-5998AAEBC206}.DebugCPU|Any CPU.Build.0 = DebugCPU|Any CPU
		{235993A8-5538-4DEB-871A-5998AAEBC206}.DebugCPU|ARM64.ActiveCfg = DebugCPU|x64
		{235993A8-5538-4DEB-871A-5998AAEBC206}.DebugCPU|ARM64.Build.0 = DebugCPU|x64
		{235993A8-5538-4DEB-871A-5998AAEBC206}.DebugCPU|x64.ActiveCfg = DebugCPU|x64
		{235993A8-5538-4DEB-871A-5998AAEBC206}.DebugCPU|x64.Build.0 = DebugCPU|x64
		{235993A8-5538-4DEB-871A-5998AAEBC206}.DebugCUDA12|Any CPU.ActiveCfg = DebugCUDA12|Any CPU
		{235993A8-5538-4DEB-871A-5998AAEBC206}.DebugCUDA12|Any CPU.Build.0 = DebugCUDA12|Any CPU
		{235993A8-5538-4DEB-871A-5998AAEBC206}.DebugCUDA12|ARM64.ActiveCfg = DebugCUDA12|x64
		{235993A8-5538-4DEB-871A-5998AAEBC206}.DebugCUDA12|ARM64.Build.0 = DebugCUDA12|x64
		{235993A8-5538-4DEB-871A-5998AAEBC206}.DebugCUDA12|x64.ActiveCfg = DebugCUDA12|x64
		{235993A8-5538-4DEB-871A-5998AAEBC206}.DebugCUDA12|x64.Build.0 = DebugCUDA12|x64
		{235993A8-5538-4DEB-871A-5998AAEBC206}.ReleaseCPU|Any CPU.ActiveCfg = ReleaseCPU|Any CPU
		{235993A8-5538-4DEB-871A-5998AAEBC206}.ReleaseCPU|Any CPU.Build.0 = ReleaseCPU|Any CPU
		{235993A8-5538-4DEB-871A-5998AAEBC206}.ReleaseCPU|ARM64.ActiveCfg = ReleaseCPU|x64
		{235993A8-5538-4DEB-871A-5998AAEBC206}.ReleaseCPU|ARM64.Build.0 = ReleaseCPU|x64
		{235993A8-5538-4DEB-871A-5998AAEBC206}.ReleaseCPU|x64.ActiveCfg = ReleaseCPU|x64
		{235993A8-5538-4DEB-871A-5998AAEBC206}.ReleaseCPU|x64.Build.0 = ReleaseCPU|x64
		{235993A8-5538-4DEB-871A-5998AAEBC206}.ReleaseCUDA12|Any CPU.ActiveCfg = ReleaseCUDA12|Any CPU
		{235993A8-5538-4DEB-871A-5998AAEBC206}.ReleaseCUDA12|Any CPU.Build.0 = ReleaseCUDA12|Any CPU
		{235993A8-5538-4DEB-871A-5998AAEBC206}.ReleaseCUDA12|ARM64.ActiveCfg = ReleaseCUDA12|x64
		{235993A8-5538-4DEB-871A-5998AAEBC206}.ReleaseCUDA12|ARM64.Build.0 = ReleaseCUDA12|x64
		{235993A8-5538-4DEB-871A-5998AAEBC206}.ReleaseCUDA12|x64.ActiveCfg = ReleaseCUDA12|x64
		{235993A8-5538-4DEB-871A-5998AAEBC206}.ReleaseCUDA12|x64.Build.0 = ReleaseCUDA12|x64
	EndGlobalSection
	GlobalSection(SolutionProperties) = preSolution
		HideSolutionNode = FALSE
	EndGlobalSection
	GlobalSection(ExtensibilityGlobals) = postSolution
		SolutionGuid = {84657B19-C74C-4969-8E37-9F24F2CA9DC8}
	EndGlobalSection
EndGlobal
